# THIS IS AN AUTOGENERATED FILE. DO NOT EDIT THIS FILE DIRECTLY.
# yarn lockfile v1


"@hotwired/stimulus@^3.1.0":
  version "3.1.0"
  resolved "https://registry.yarnpkg.com/@hotwired/stimulus/-/stimulus-3.1.0.tgz#20215251e5afe6e0a3787285181ba1bfc9097df0"
  integrity sha512-iDMHUhiEJ1xFeicyHcZQQgBzhtk5mPR0QZO3L6wtqzMsJEk2TKECuCQTGKjm+KJTHVY0dKq1dOOAWvODjpd2Mg==

"@hotwired/turbo-rails@^7.1.3":
  version "7.1.3"
  resolved "https://registry.yarnpkg.com/@hotwired/turbo-rails/-/turbo-rails-7.1.3.tgz#a4e04ecb800a06e7f9aa6e298170fa4580b74216"
  integrity sha512-6qKgn75bMWKx0bJgmSfrdC73EJkGLoSWZPAssvcd3nE7ZpDZff6f67j5OQNjjpRgNB7OFruom6VWguGQGu1fQg==
  dependencies:
    "@hotwired/turbo" "^7.1.0"
    "@rails/actioncable" "^7.0"

"@hotwired/turbo@^7.1.0":
  version "7.1.0"
  resolved "https://registry.yarnpkg.com/@hotwired/turbo/-/turbo-7.1.0.tgz#27e44e0e3dc5bd1d4bda0766d579cf5a14091cd7"
  integrity sha512-Q8kGjqwPqER+CtpQudbH+3Zgs2X4zb6pBAlr6NsKTXadg45pAOvxI9i4QpuHbwSzR2+x87HUm+rot9F/Pe8rxA==

"@rails/actioncable@^7.0", "@rails/actioncable@^7.0.3":
  version "7.0.3"
  resolved "https://registry.yarnpkg.com/@rails/actioncable/-/actioncable-7.0.3.tgz#71f08e958883af64f6a20489318b5e95d2c6dc5b"
  integrity sha512-Iefl21FZD+ck1di6xSHMYzSzRiNJTHV4NrAzCfDfqc/wPz4xncrP8f2/fJ+2jzwKIaDn76UVMsALh7R5OzsF8Q==

"@rails/activestorage@^7.0.3":
  version "7.0.3"
  resolved "https://registry.yarnpkg.com/@rails/activestorage/-/activestorage-7.0.3.tgz#516770d49f702bb2b746a826779465a513804003"
  integrity sha512-pdIoQUNcimjbSlhUgnRyFimVvsp/J9C1yTxV3P40oQrRU81f3uM9tT4IY/wMfe691Zj7tJBiqsbThUoPT88TAA==
  dependencies:
    spark-md5 "^3.0.1"

"@rails/request.js@^0.0.6":
  version "0.0.6"
  resolved "https://registry.yarnpkg.com/@rails/request.js/-/request.js-0.0.6.tgz#5f0347a9f363e50ec45118c7134080490cda81d8"
  integrity sha512-dfFWaQXitYJ4kxrgGJNhDNXX54/v10YgoJqBMVe6lhqs6a4N9WD7goZJEvwin82TtK8MqUNhwfyisgKwM6dMdg==

esbuild-android-64@0.14.49:
  version "0.14.49"
  resolved "https://registry.yarnpkg.com/esbuild-android-64/-/esbuild-android-64-0.14.49.tgz#9e4682c36dcf6e7b71b73d2a3723a96e0fdc5054"
  integrity sha512-vYsdOTD+yi+kquhBiFWl3tyxnj2qZJsl4tAqwhT90ktUdnyTizgle7TjNx6Ar1bN7wcwWqZ9QInfdk2WVagSww==

esbuild-android-arm64@0.14.49:
  version "0.14.49"
  resolved "https://registry.yarnpkg.com/esbuild-android-arm64/-/esbuild-android-arm64-0.14.49.tgz#9861b1f7e57d1dd1f23eeef6198561c5f34b51f6"
  integrity sha512-g2HGr/hjOXCgSsvQZ1nK4nW/ei8JUx04Li74qub9qWrStlysaVmadRyTVuW32FGIpLQyc5sUjjZopj49eGGM2g==

esbuild-darwin-64@0.14.49:
  version "0.14.49"
  resolved "https://registry.yarnpkg.com/esbuild-darwin-64/-/esbuild-darwin-64-0.14.49.tgz#fd30a5ebe28704a3a117126c60f98096c067c8d1"
  integrity sha512-3rvqnBCtX9ywso5fCHixt2GBCUsogNp9DjGmvbBohh31Ces34BVzFltMSxJpacNki96+WIcX5s/vum+ckXiLYg==

esbuild-darwin-arm64@0.14.49:
  version "0.14.49"
  resolved "https://registry.yarnpkg.com/esbuild-darwin-arm64/-/esbuild-darwin-arm64-0.14.49.tgz#c04a3a57dad94a972c66a697a68a25aa25947f41"
  integrity sha512-XMaqDxO846srnGlUSJnwbijV29MTKUATmOLyQSfswbK/2X5Uv28M9tTLUJcKKxzoo9lnkYPsx2o8EJcTYwCs/A==

esbuild-freebsd-64@0.14.49:
  version "0.14.49"
  resolved "https://registry.yarnpkg.com/esbuild-freebsd-64/-/esbuild-freebsd-64-0.14.49.tgz#c404dbd66c98451395b1eef0fa38b73030a7be82"
  integrity sha512-NJ5Q6AjV879mOHFri+5lZLTp5XsO2hQ+KSJYLbfY9DgCu8s6/Zl2prWXVANYTeCDLlrIlNNYw8y34xqyLDKOmQ==

esbuild-freebsd-arm64@0.14.49:
  version "0.14.49"
  resolved "https://registry.yarnpkg.com/esbuild-freebsd-arm64/-/esbuild-freebsd-arm64-0.14.49.tgz#b62cec96138ebc5937240ce3e1b97902963ea74a"
  integrity sha512-lFLtgXnAc3eXYqj5koPlBZvEbBSOSUbWO3gyY/0+4lBdRqELyz4bAuamHvmvHW5swJYL7kngzIZw6kdu25KGOA==

esbuild-linux-32@0.14.49:
  version "0.14.49"
  resolved "https://registry.yarnpkg.com/esbuild-linux-32/-/esbuild-linux-32-0.14.49.tgz#495b1cc011b8c64d8bbaf65509c1e7135eb9ddbf"
  integrity sha512-zTTH4gr2Kb8u4QcOpTDVn7Z8q7QEIvFl/+vHrI3cF6XOJS7iEI1FWslTo3uofB2+mn6sIJEQD9PrNZKoAAMDiA==

esbuild-linux-64@0.14.49:
  version "0.14.49"
  resolved "https://registry.yarnpkg.com/esbuild-linux-64/-/esbuild-linux-64-0.14.49.tgz#3f28dd8f986e6ff42f38888ee435a9b1fb916a56"
  integrity sha512-hYmzRIDzFfLrB5c1SknkxzM8LdEUOusp6M2TnuQZJLRtxTgyPnZZVtyMeCLki0wKgYPXkFsAVhi8vzo2mBNeTg==

esbuild-linux-arm64@0.14.49:
  version "0.14.49"
  resolved "https://registry.yarnpkg.com/esbuild-linux-arm64/-/esbuild-linux-arm64-0.14.49.tgz#a52e99ae30246566dc5f33e835aa6ca98ef70e33"
  integrity sha512-KLQ+WpeuY+7bxukxLz5VgkAAVQxUv67Ft4DmHIPIW+2w3ObBPQhqNoeQUHxopoW/aiOn3m99NSmSV+bs4BSsdA==

esbuild-linux-arm@0.14.49:
  version "0.14.49"
  resolved "https://registry.yarnpkg.com/esbuild-linux-arm/-/esbuild-linux-arm-0.14.49.tgz#7c33d05a64ec540cf7474834adaa57b3167bbe97"
  integrity sha512-iE3e+ZVv1Qz1Sy0gifIsarJMQ89Rpm9mtLSRtG3AH0FPgAzQ5Z5oU6vYzhc/3gSPi2UxdCOfRhw2onXuFw/0lg==

esbuild-linux-mips64le@0.14.49:
  version "0.14.49"
  resolved "https://registry.yarnpkg.com/esbuild-linux-mips64le/-/esbuild-linux-mips64le-0.14.49.tgz#ed062bd844b587be649443831eb84ba304685f25"
  integrity sha512-n+rGODfm8RSum5pFIqFQVQpYBw+AztL8s6o9kfx7tjfK0yIGF6tm5HlG6aRjodiiKkH2xAiIM+U4xtQVZYU4rA==

esbuild-linux-ppc64le@0.14.49:
  version "0.14.49"
  resolved "https://registry.yarnpkg.com/esbuild-linux-ppc64le/-/esbuild-linux-ppc64le-0.14.49.tgz#c0786fb5bddffd90c10a2078181513cbaf077958"
  integrity sha512-WP9zR4HX6iCBmMFH+XHHng2LmdoIeUmBpL4aL2TR8ruzXyT4dWrJ5BSbT8iNo6THN8lod6GOmYDLq/dgZLalGw==

esbuild-linux-riscv64@0.14.49:
  version "0.14.49"
  resolved "https://registry.yarnpkg.com/esbuild-linux-riscv64/-/esbuild-linux-riscv64-0.14.49.tgz#579b0e7cc6fce4bfc698e991a52503bb616bec49"
  integrity sha512-h66ORBz+Dg+1KgLvzTVQEA1LX4XBd1SK0Fgbhhw4akpG/YkN8pS6OzYI/7SGENiN6ao5hETRDSkVcvU9NRtkMQ==

esbuild-linux-s390x@0.14.49:
  version "0.14.49"
  resolved "https://registry.yarnpkg.com/esbuild-linux-s390x/-/esbuild-linux-s390x-0.14.49.tgz#09eb15c753e249a500b4e28d07c5eef7524a9740"
  integrity sha512-DhrUoFVWD+XmKO1y7e4kNCqQHPs6twz6VV6Uezl/XHYGzM60rBewBF5jlZjG0nCk5W/Xy6y1xWeopkrhFFM0sQ==

esbuild-netbsd-64@0.14.49:
  version "0.14.49"
  resolved "https://registry.yarnpkg.com/esbuild-netbsd-64/-/esbuild-netbsd-64-0.14.49.tgz#f7337cd2bddb7cc9d100d19156f36c9ca117b58d"
  integrity sha512-BXaUwFOfCy2T+hABtiPUIpWjAeWK9P8O41gR4Pg73hpzoygVGnj0nI3YK4SJhe52ELgtdgWP/ckIkbn2XaTxjQ==

esbuild-openbsd-64@0.14.49:
  version "0.14.49"
  resolved "https://registry.yarnpkg.com/esbuild-openbsd-64/-/esbuild-openbsd-64-0.14.49.tgz#1f8bdc49f8a44396e73950a3fb6b39828563631d"
  integrity sha512-lP06UQeLDGmVPw9Rg437Btu6J9/BmyhdoefnQ4gDEJTtJvKtQaUcOQrhjTq455ouZN4EHFH1h28WOJVANK41kA==

esbuild-sunos-64@0.14.49:
  version "0.14.49"
  resolved "https://registry.yarnpkg.com/esbuild-sunos-64/-/esbuild-sunos-64-0.14.49.tgz#47d042739365b61aa8ca642adb69534a8eef9f7a"
  integrity sha512-4c8Zowp+V3zIWje329BeLbGh6XI9c/rqARNaj5yPHdC61pHI9UNdDxT3rePPJeWcEZVKjkiAS6AP6kiITp7FSw==

esbuild-windows-32@0.14.49:
  version "0.14.49"
  resolved "https://registry.yarnpkg.com/esbuild-windows-32/-/esbuild-windows-32-0.14.49.tgz#79198c88ec9bde163c18a6b430c34eab098ec21a"
  integrity sha512-q7Rb+J9yHTeKr9QTPDYkqfkEj8/kcKz9lOabDuvEXpXuIcosWCJgo5Z7h/L4r7rbtTH4a8U2FGKb6s1eeOHmJA==

esbuild-windows-64@0.14.49:
  version "0.14.49"
  resolved "https://registry.yarnpkg.com/esbuild-windows-64/-/esbuild-windows-64-0.14.49.tgz#b36b230d18d1ee54008e08814c4799c7806e8c79"
  integrity sha512-+Cme7Ongv0UIUTniPqfTX6mJ8Deo7VXw9xN0yJEN1lQMHDppTNmKwAM3oGbD/Vqff+07K2gN0WfNkMohmG+dVw==

esbuild-windows-arm64@0.14.49:
  version "0.14.49"
  resolved "https://registry.yarnpkg.com/esbuild-windows-arm64/-/esbuild-windows-arm64-0.14.49.tgz#d83c03ff6436caf3262347cfa7e16b0a8049fae7"
  integrity sha512-v+HYNAXzuANrCbbLFJ5nmO3m5y2PGZWLe3uloAkLt87aXiO2mZr3BTmacZdjwNkNEHuH3bNtN8cak+mzVjVPfA==

esbuild@^0.14.49:
  version "0.14.49"
  resolved "https://registry.yarnpkg.com/esbuild/-/esbuild-0.14.49.tgz#b82834760eba2ddc17b44f05cfcc0aaca2bae492"
  integrity sha512-/TlVHhOaq7Yz8N1OJrjqM3Auzo5wjvHFLk+T8pIue+fhnhIMpfAzsG6PLVMbFveVxqD2WOp3QHei+52IMUNmCw==
  optionalDependencies:
    esbuild-android-64 "0.14.49"
    esbuild-android-arm64 "0.14.49"
    esbuild-darwin-64 "0.14.49"
    esbuild-darwin-arm64 "0.14.49"
    esbuild-freebsd-64 "0.14.49"
    esbuild-freebsd-arm64 "0.14.49"
    esbuild-linux-32 "0.14.49"
    esbuild-linux-64 "0.14.49"
    esbuild-linux-arm "0.14.49"
    esbuild-linux-arm64 "0.14.49"
    esbuild-linux-mips64le "0.14.49"
    esbuild-linux-ppc64le "0.14.49"
    esbuild-linux-riscv64 "0.14.49"
    esbuild-linux-s390x "0.14.49"
    esbuild-netbsd-64 "0.14.49"
    esbuild-openbsd-64 "0.14.49"
    esbuild-sunos-64 "0.14.49"
    esbuild-windows-32 "0.14.49"
    esbuild-windows-64 "0.14.49"
    esbuild-windows-arm64 "0.14.49"

spark-md5@^3.0.1:
  version "3.0.2"
  resolved "https://registry.yarnpkg.com/spark-md5/-/spark-md5-3.0.2.tgz#7952c4a30784347abcee73268e473b9c0167e3fc"
  integrity sha512-wcFzz9cDfbuqe0FZzfi2or1sgyIrsDwmPwfZC4hiNidPdPINjeUwNfv5kldczoEAcjl9Y1L3SM7Uz2PUEQzxQw==
